// !$*UTF8*$!
{
	archiveVersion = 1;
	classes = {
	};
	objectVersion = 54;
	objects = {

/* Begin PBXBuildFile section */
		002F0DA3F567C5815F7F5475 /* Pods_VKPodcasts.framework in Frameworks */ = {isa = PBXBuildFile; fileRef = 0C4ABB5364CB21DA421B412E /* Pods_VKPodcasts.framework */; };
		204CD1C8D05D9EEAF116AEE7 /* Pods_VKPodcasts_VKPodcastsUITests.framework in Frameworks */ = {isa = PBXBuildFile; fileRef = C54067D9C31D86D2E2B400CC /* Pods_VKPodcasts_VKPodcastsUITests.framework */; };
		3E20F0CB26CA7E7000CF8053 /* StatReactionsGraph.swift in Sources */ = {isa = PBXBuildFile; fileRef = 3E20F0CA26CA7E7000CF8053 /* StatReactionsGraph.swift */; };
		3E2DE7BE26C5369800313C92 /* ReactionsGraph.swift in Sources */ = {isa = PBXBuildFile; fileRef = 3E2DE7BD26C5369700313C92 /* ReactionsGraph.swift */; };
		3E434B8726C67881009D99DD /* PodcastsView.swift in Sources */ = {isa = PBXBuildFile; fileRef = 3E434B8626C67881009D99DD /* PodcastsView.swift */; };
		3E434B8926C67C12009D99DD /* PodcastView.swift in Sources */ = {isa = PBXBuildFile; fileRef = 3E434B8826C67C12009D99DD /* PodcastView.swift */; };
		3E436C3C26CEF90E002FF2E1 /* Localizable.strings in Resources */ = {isa = PBXBuildFile; fileRef = 3E436C3E26CEF90E002FF2E1 /* Localizable.strings */; };
		3E65895D26C817D30066F144 /* CustomSlider.swift in Sources */ = {isa = PBXBuildFile; fileRef = 3E65895C26C817D30066F144 /* CustomSlider.swift */; };
		3E65895F26C818040066F144 /* BottomSheet.swift in Sources */ = {isa = PBXBuildFile; fileRef = 3E65895E26C818040066F144 /* BottomSheet.swift */; };
		3E65896126C8223F0066F144 /* StatView.swift in Sources */ = {isa = PBXBuildFile; fileRef = 3E65896026C8223F0066F144 /* StatView.swift */; };
		3E71600026CD92A70021D520 /* EmojiGraph.swift in Sources */ = {isa = PBXBuildFile; fileRef = 3E715FFF26CD92A70021D520 /* EmojiGraph.swift */; };
		3E8431E726C5A4DB00545232 /* LoginView.swift in Sources */ = {isa = PBXBuildFile; fileRef = 3E8431E626C5A4DB00545232 /* LoginView.swift */; };
		3E9A7F1626CD162D0086474D /* SettingsView.swift in Sources */ = {isa = PBXBuildFile; fileRef = 3E9A7F1526CD162D0086474D /* SettingsView.swift */; };
		3EA3D97526C83A2800D163E6 /* PieChart.swift in Sources */ = {isa = PBXBuildFile; fileRef = 3EA3D97426C83A2800D163E6 /* PieChart.swift */; };
		3EA7796426C4543700B0C05E /* VKPodcastsApp.swift in Sources */ = {isa = PBXBuildFile; fileRef = 3EA7796326C4543700B0C05E /* VKPodcastsApp.swift */; };
		3EA7796626C4543700B0C05E /* ContentView.swift in Sources */ = {isa = PBXBuildFile; fileRef = 3EA7796526C4543700B0C05E /* ContentView.swift */; };
		3EA7796826C4543900B0C05E /* Assets.xcassets in Resources */ = {isa = PBXBuildFile; fileRef = 3EA7796726C4543900B0C05E /* Assets.xcassets */; };
		3EA7796B26C4543900B0C05E /* Preview Assets.xcassets in Resources */ = {isa = PBXBuildFile; fileRef = 3EA7796A26C4543900B0C05E /* Preview Assets.xcassets */; };
		3EA7797526C4543900B0C05E /* VKPodcastsTests.swift in Sources */ = {isa = PBXBuildFile; fileRef = 3EA7797426C4543900B0C05E /* VKPodcastsTests.swift */; };
		3EA7797F26C4543900B0C05E /* VKPodcastsUITests.swift in Sources */ = {isa = PBXBuildFile; fileRef = 3EA7797E26C4543900B0C05E /* VKPodcastsUITests.swift */; };
		3EA7798126C4543900B0C05E /* VKPodcastsUITestsLaunchTests.swift in Sources */ = {isa = PBXBuildFile; fileRef = 3EA7798026C4543900B0C05E /* VKPodcastsUITestsLaunchTests.swift */; };
		3EA7798E26C454EB00B0C05E /* DataModel.swift in Sources */ = {isa = PBXBuildFile; fileRef = 3EA7798D26C454EB00B0C05E /* DataModel.swift */; };
		3EA7799026C4568A00B0C05E /* PlayerView.swift in Sources */ = {isa = PBXBuildFile; fileRef = 3EA7798F26C4568A00B0C05E /* PlayerView.swift */; };
		3EA7799226C45B9E00B0C05E /* ReactionItem.swift in Sources */ = {isa = PBXBuildFile; fileRef = 3EA7799126C45B9E00B0C05E /* ReactionItem.swift */; };
		3EA8355026C8626D00EA4662 /* ReactionTypeGraph.swift in Sources */ = {isa = PBXBuildFile; fileRef = 3EA8354F26C8626D00EA4662 /* ReactionTypeGraph.swift */; };
		3EB9368B26CBF9B4009DCCDE /* DocumentPicker.swift in Sources */ = {isa = PBXBuildFile; fileRef = 3EB9368A26CBF9B4009DCCDE /* DocumentPicker.swift */; };
		3EB9368D26CC0E5A009DCCDE /* PodcastInfo.swift in Sources */ = {isa = PBXBuildFile; fileRef = 3EB9368C26CC0E5A009DCCDE /* PodcastInfo.swift */; };
		3EB9368F26CC24F3009DCCDE /* PodcastsStorage.swift in Sources */ = {isa = PBXBuildFile; fileRef = 3EB9368E26CC24F3009DCCDE /* PodcastsStorage.swift */; };
		3EB9369126CC4DCF009DCCDE /* ShareSheet.swift in Sources */ = {isa = PBXBuildFile; fileRef = 3EB9369026CC4DCF009DCCDE /* ShareSheet.swift */; };
		3EF6844326C57EAB0047CF20 /* RSSParser.swift in Sources */ = {isa = PBXBuildFile; fileRef = 3EF6844226C57EAB0047CF20 /* RSSParser.swift */; };
		5B2B257E080F45ECF551E61C /* Pods_VKPodcastsTests.framework in Frameworks */ = {isa = PBXBuildFile; fileRef = 27F902617BE0166225C22737 /* Pods_VKPodcastsTests.framework */; };
/* End PBXBuildFile section */

/* Begin PBXContainerItemProxy section */
		3EA7797126C4543900B0C05E /* PBXContainerItemProxy */ = {
			isa = PBXContainerItemProxy;
			containerPortal = 3EA7795826C4543600B0C05E /* Project object */;
			proxyType = 1;
			remoteGlobalIDString = 3EA7795F26C4543600B0C05E;
			remoteInfo = VKPodcasts;
		};
		3EA7797B26C4543900B0C05E /* PBXContainerItemProxy */ = {
			isa = PBXContainerItemProxy;
			containerPortal = 3EA7795826C4543600B0C05E /* Project object */;
			proxyType = 1;
			remoteGlobalIDString = 3EA7795F26C4543600B0C05E;
			remoteInfo = VKPodcasts;
		};
/* End PBXContainerItemProxy section */

/* Begin PBXFileReference section */
		07313568BC89ABA711DDC5AC /* Pods-VKPodcastsTests.debug.xcconfig */ = {isa = PBXFileReference; includeInIndex = 1; lastKnownFileType = text.xcconfig; name = "Pods-VKPodcastsTests.debug.xcconfig"; path = "Target Support Files/Pods-VKPodcastsTests/Pods-VKPodcastsTests.debug.xcconfig"; sourceTree = "<group>"; };
		0C4ABB5364CB21DA421B412E /* Pods_VKPodcasts.framework */ = {isa = PBXFileReference; explicitFileType = wrapper.framework; includeInIndex = 0; path = Pods_VKPodcasts.framework; sourceTree = BUILT_PRODUCTS_DIR; };
		27F902617BE0166225C22737 /* Pods_VKPodcastsTests.framework */ = {isa = PBXFileReference; explicitFileType = wrapper.framework; includeInIndex = 0; path = Pods_VKPodcastsTests.framework; sourceTree = BUILT_PRODUCTS_DIR; };
		3E20F0CA26CA7E7000CF8053 /* StatReactionsGraph.swift */ = {isa = PBXFileReference; lastKnownFileType = sourcecode.swift; path = StatReactionsGraph.swift; sourceTree = "<group>"; };
		3E2DE7BD26C5369700313C92 /* ReactionsGraph.swift */ = {isa = PBXFileReference; lastKnownFileType = sourcecode.swift; path = ReactionsGraph.swift; sourceTree = "<group>"; };
		3E434B8626C67881009D99DD /* PodcastsView.swift */ = {isa = PBXFileReference; fileEncoding = 4; lastKnownFileType = sourcecode.swift; path = PodcastsView.swift; sourceTree = "<group>"; };
		3E434B8826C67C12009D99DD /* PodcastView.swift */ = {isa = PBXFileReference; lastKnownFileType = sourcecode.swift; path = PodcastView.swift; sourceTree = "<group>"; };
		3E436C3D26CEF90E002FF2E1 /* ru */ = {isa = PBXFileReference; lastKnownFileType = text.plist.strings; name = ru; path = ru.lproj/Localizable.strings; sourceTree = "<group>"; };
		3E436C3F26CEF91B002FF2E1 /* en */ = {isa = PBXFileReference; lastKnownFileType = text.plist.strings; name = en; path = en.lproj/Localizable.strings; sourceTree = "<group>"; };
		3E65895C26C817D30066F144 /* CustomSlider.swift */ = {isa = PBXFileReference; lastKnownFileType = sourcecode.swift; path = CustomSlider.swift; sourceTree = "<group>"; };
		3E65895E26C818040066F144 /* BottomSheet.swift */ = {isa = PBXFileReference; lastKnownFileType = sourcecode.swift; path = BottomSheet.swift; sourceTree = "<group>"; };
		3E65896026C8223F0066F144 /* StatView.swift */ = {isa = PBXFileReference; lastKnownFileType = sourcecode.swift; path = StatView.swift; sourceTree = "<group>"; };
		3E715FFF26CD92A70021D520 /* EmojiGraph.swift */ = {isa = PBXFileReference; lastKnownFileType = sourcecode.swift; path = EmojiGraph.swift; sourceTree = "<group>"; };
		3E8431E526C5A05B00545232 /* Info.plist */ = {isa = PBXFileReference; lastKnownFileType = text.plist; path = Info.plist; sourceTree = "<group>"; };
		3E8431E626C5A4DB00545232 /* LoginView.swift */ = {isa = PBXFileReference; lastKnownFileType = sourcecode.swift; path = LoginView.swift; sourceTree = "<group>"; };
		3E9A7F1526CD162D0086474D /* SettingsView.swift */ = {isa = PBXFileReference; lastKnownFileType = sourcecode.swift; path = SettingsView.swift; sourceTree = "<group>"; };
		3EA3D97426C83A2800D163E6 /* PieChart.swift */ = {isa = PBXFileReference; lastKnownFileType = sourcecode.swift; path = PieChart.swift; sourceTree = "<group>"; };
		3EA7796026C4543600B0C05E /* VKPodcasts.app */ = {isa = PBXFileReference; explicitFileType = wrapper.application; includeInIndex = 0; path = VKPodcasts.app; sourceTree = BUILT_PRODUCTS_DIR; };
		3EA7796326C4543700B0C05E /* VKPodcastsApp.swift */ = {isa = PBXFileReference; lastKnownFileType = sourcecode.swift; path = VKPodcastsApp.swift; sourceTree = "<group>"; };
		3EA7796526C4543700B0C05E /* ContentView.swift */ = {isa = PBXFileReference; lastKnownFileType = sourcecode.swift; path = ContentView.swift; sourceTree = "<group>"; };
		3EA7796726C4543900B0C05E /* Assets.xcassets */ = {isa = PBXFileReference; lastKnownFileType = folder.assetcatalog; path = Assets.xcassets; sourceTree = "<group>"; };
		3EA7796A26C4543900B0C05E /* Preview Assets.xcassets */ = {isa = PBXFileReference; lastKnownFileType = folder.assetcatalog; path = "Preview Assets.xcassets"; sourceTree = "<group>"; };
		3EA7797026C4543900B0C05E /* VKPodcastsTests.xctest */ = {isa = PBXFileReference; explicitFileType = wrapper.cfbundle; includeInIndex = 0; path = VKPodcastsTests.xctest; sourceTree = BUILT_PRODUCTS_DIR; };
		3EA7797426C4543900B0C05E /* VKPodcastsTests.swift */ = {isa = PBXFileReference; lastKnownFileType = sourcecode.swift; path = VKPodcastsTests.swift; sourceTree = "<group>"; };
		3EA7797A26C4543900B0C05E /* VKPodcastsUITests.xctest */ = {isa = PBXFileReference; explicitFileType = wrapper.cfbundle; includeInIndex = 0; path = VKPodcastsUITests.xctest; sourceTree = BUILT_PRODUCTS_DIR; };
		3EA7797E26C4543900B0C05E /* VKPodcastsUITests.swift */ = {isa = PBXFileReference; lastKnownFileType = sourcecode.swift; path = VKPodcastsUITests.swift; sourceTree = "<group>"; };
		3EA7798026C4543900B0C05E /* VKPodcastsUITestsLaunchTests.swift */ = {isa = PBXFileReference; lastKnownFileType = sourcecode.swift; path = VKPodcastsUITestsLaunchTests.swift; sourceTree = "<group>"; };
		3EA7798D26C454EB00B0C05E /* DataModel.swift */ = {isa = PBXFileReference; lastKnownFileType = sourcecode.swift; path = DataModel.swift; sourceTree = "<group>"; };
		3EA7798F26C4568A00B0C05E /* PlayerView.swift */ = {isa = PBXFileReference; lastKnownFileType = sourcecode.swift; path = PlayerView.swift; sourceTree = "<group>"; };
		3EA7799126C45B9E00B0C05E /* ReactionItem.swift */ = {isa = PBXFileReference; lastKnownFileType = sourcecode.swift; path = ReactionItem.swift; sourceTree = "<group>"; };
		3EA8354F26C8626D00EA4662 /* ReactionTypeGraph.swift */ = {isa = PBXFileReference; lastKnownFileType = sourcecode.swift; path = ReactionTypeGraph.swift; sourceTree = "<group>"; };
		3EB9368A26CBF9B4009DCCDE /* DocumentPicker.swift */ = {isa = PBXFileReference; lastKnownFileType = sourcecode.swift; path = DocumentPicker.swift; sourceTree = "<group>"; };
		3EB9368C26CC0E5A009DCCDE /* PodcastInfo.swift */ = {isa = PBXFileReference; lastKnownFileType = sourcecode.swift; path = PodcastInfo.swift; sourceTree = "<group>"; };
		3EB9368E26CC24F3009DCCDE /* PodcastsStorage.swift */ = {isa = PBXFileReference; lastKnownFileType = sourcecode.swift; path = PodcastsStorage.swift; sourceTree = "<group>"; };
		3EB9369026CC4DCF009DCCDE /* ShareSheet.swift */ = {isa = PBXFileReference; lastKnownFileType = sourcecode.swift; path = ShareSheet.swift; sourceTree = "<group>"; };
		3EF6844226C57EAB0047CF20 /* RSSParser.swift */ = {isa = PBXFileReference; lastKnownFileType = sourcecode.swift; path = RSSParser.swift; sourceTree = "<group>"; };
		4AC03FC6B9EC9134A0A5BD1F /* Pods-VKPodcasts.debug.xcconfig */ = {isa = PBXFileReference; includeInIndex = 1; lastKnownFileType = text.xcconfig; name = "Pods-VKPodcasts.debug.xcconfig"; path = "Target Support Files/Pods-VKPodcasts/Pods-VKPodcasts.debug.xcconfig"; sourceTree = "<group>"; };
		8B1F610D295CBA2AC800C2D8 /* Pods-VKPodcasts-VKPodcastsUITests.debug.xcconfig */ = {isa = PBXFileReference; includeInIndex = 1; lastKnownFileType = text.xcconfig; name = "Pods-VKPodcasts-VKPodcastsUITests.debug.xcconfig"; path = "Target Support Files/Pods-VKPodcasts-VKPodcastsUITests/Pods-VKPodcasts-VKPodcastsUITests.debug.xcconfig"; sourceTree = "<group>"; };
		B3833B3F71C1D52A90033304 /* Pods-VKPodcastsTests.release.xcconfig */ = {isa = PBXFileReference; includeInIndex = 1; lastKnownFileType = text.xcconfig; name = "Pods-VKPodcastsTests.release.xcconfig"; path = "Target Support Files/Pods-VKPodcastsTests/Pods-VKPodcastsTests.release.xcconfig"; sourceTree = "<group>"; };
		C54067D9C31D86D2E2B400CC /* Pods_VKPodcasts_VKPodcastsUITests.framework */ = {isa = PBXFileReference; explicitFileType = wrapper.framework; includeInIndex = 0; path = Pods_VKPodcasts_VKPodcastsUITests.framework; sourceTree = BUILT_PRODUCTS_DIR; };
		DC9574EB25442DDDBDEEC606 /* Pods-VKPodcasts.release.xcconfig */ = {isa = PBXFileReference; includeInIndex = 1; lastKnownFileType = text.xcconfig; name = "Pods-VKPodcasts.release.xcconfig"; path = "Target Support Files/Pods-VKPodcasts/Pods-VKPodcasts.release.xcconfig"; sourceTree = "<group>"; };
		E4B2DABE4A5B139D2E872909 /* Pods-VKPodcasts-VKPodcastsUITests.release.xcconfig */ = {isa = PBXFileReference; includeInIndex = 1; lastKnownFileType = text.xcconfig; name = "Pods-VKPodcasts-VKPodcastsUITests.release.xcconfig"; path = "Target Support Files/Pods-VKPodcasts-VKPodcastsUITests/Pods-VKPodcasts-VKPodcastsUITests.release.xcconfig"; sourceTree = "<group>"; };
/* End PBXFileReference section */

/* Begin PBXFrameworksBuildPhase section */
		3EA7795D26C4543600B0C05E /* Frameworks */ = {
			isa = PBXFrameworksBuildPhase;
			buildActionMask = 2147483647;
			files = (
				002F0DA3F567C5815F7F5475 /* Pods_VKPodcasts.framework in Frameworks */,
			);
			runOnlyForDeploymentPostprocessing = 0;
		};
		3EA7796D26C4543900B0C05E /* Frameworks */ = {
			isa = PBXFrameworksBuildPhase;
			buildActionMask = 2147483647;
			files = (
				5B2B257E080F45ECF551E61C /* Pods_VKPodcastsTests.framework in Frameworks */,
			);
			runOnlyForDeploymentPostprocessing = 0;
		};
		3EA7797726C4543900B0C05E /* Frameworks */ = {
			isa = PBXFrameworksBuildPhase;
			buildActionMask = 2147483647;
			files = (
				204CD1C8D05D9EEAF116AEE7 /* Pods_VKPodcasts_VKPodcastsUITests.framework in Frameworks */,
			);
			runOnlyForDeploymentPostprocessing = 0;
		};
/* End PBXFrameworksBuildPhase section */

/* Begin PBXGroup section */
		1F37C96E0624FDACDDF3F0D2 /* Frameworks */ = {
			isa = PBXGroup;
			children = (
				0C4ABB5364CB21DA421B412E /* Pods_VKPodcasts.framework */,
				C54067D9C31D86D2E2B400CC /* Pods_VKPodcasts_VKPodcastsUITests.framework */,
				27F902617BE0166225C22737 /* Pods_VKPodcastsTests.framework */,
			);
			name = Frameworks;
			sourceTree = "<group>";
		};
		3EA7795726C4543600B0C05E = {
			isa = PBXGroup;
			children = (
				3EA7796226C4543600B0C05E /* VKPodcasts */,
				3EA7797326C4543900B0C05E /* VKPodcastsTests */,
				3EA7797D26C4543900B0C05E /* VKPodcastsUITests */,
				3EA7796126C4543600B0C05E /* Products */,
				7828F50C9949EB69EAADE470 /* Pods */,
				1F37C96E0624FDACDDF3F0D2 /* Frameworks */,
			);
			sourceTree = "<group>";
		};
		3EA7796126C4543600B0C05E /* Products */ = {
			isa = PBXGroup;
			children = (
				3EA7796026C4543600B0C05E /* VKPodcasts.app */,
				3EA7797026C4543900B0C05E /* VKPodcastsTests.xctest */,
				3EA7797A26C4543900B0C05E /* VKPodcastsUITests.xctest */,
			);
			name = Products;
			sourceTree = "<group>";
		};
		3EA7796226C4543600B0C05E /* VKPodcasts */ = {
			isa = PBXGroup;
			children = (
				3E434B8826C67C12009D99DD /* PodcastView.swift */,
				3E434B8626C67881009D99DD /* PodcastsView.swift */,
				3E9A7F1526CD162D0086474D /* SettingsView.swift */,
				3E8431E526C5A05B00545232 /* Info.plist */,
				3EA7798D26C454EB00B0C05E /* DataModel.swift */,
				3EA7798F26C4568A00B0C05E /* PlayerView.swift */,
				3EB9368E26CC24F3009DCCDE /* PodcastsStorage.swift */,
				3E65896026C8223F0066F144 /* StatView.swift */,
				3E20F0CA26CA7E7000CF8053 /* StatReactionsGraph.swift */,
				3EA8354F26C8626D00EA4662 /* ReactionTypeGraph.swift */,
				3EA3D97426C83A2800D163E6 /* PieChart.swift */,
				3E65895E26C818040066F144 /* BottomSheet.swift */,
				3E65895C26C817D30066F144 /* CustomSlider.swift */,
				3EF6844226C57EAB0047CF20 /* RSSParser.swift */,
				3EB9368C26CC0E5A009DCCDE /* PodcastInfo.swift */,
				3E436C3E26CEF90E002FF2E1 /* Localizable.strings */,
				3E2DE7BD26C5369700313C92 /* ReactionsGraph.swift */,
				3E715FFF26CD92A70021D520 /* EmojiGraph.swift */,
				3EB9369026CC4DCF009DCCDE /* ShareSheet.swift */,
				3EA7799126C45B9E00B0C05E /* ReactionItem.swift */,
				3EA7796326C4543700B0C05E /* VKPodcastsApp.swift */,
				3EA7796526C4543700B0C05E /* ContentView.swift */,
				3E8431E626C5A4DB00545232 /* LoginView.swift */,
				3EB9368A26CBF9B4009DCCDE /* DocumentPicker.swift */,
				3EA7796726C4543900B0C05E /* Assets.xcassets */,
				3EA7796926C4543900B0C05E /* Preview Content */,
			);
			path = VKPodcasts;
			sourceTree = "<group>";
		};
		3EA7796926C4543900B0C05E /* Preview Content */ = {
			isa = PBXGroup;
			children = (
				3EA7796A26C4543900B0C05E /* Preview Assets.xcassets */,
			);
			path = "Preview Content";
			sourceTree = "<group>";
		};
		3EA7797326C4543900B0C05E /* VKPodcastsTests */ = {
			isa = PBXGroup;
			children = (
				3EA7797426C4543900B0C05E /* VKPodcastsTests.swift */,
			);
			path = VKPodcastsTests;
			sourceTree = "<group>";
		};
		3EA7797D26C4543900B0C05E /* VKPodcastsUITests */ = {
			isa = PBXGroup;
			children = (
				3EA7797E26C4543900B0C05E /* VKPodcastsUITests.swift */,
				3EA7798026C4543900B0C05E /* VKPodcastsUITestsLaunchTests.swift */,
			);
			path = VKPodcastsUITests;
			sourceTree = "<group>";
		};
		7828F50C9949EB69EAADE470 /* Pods */ = {
			isa = PBXGroup;
			children = (
				4AC03FC6B9EC9134A0A5BD1F /* Pods-VKPodcasts.debug.xcconfig */,
				DC9574EB25442DDDBDEEC606 /* Pods-VKPodcasts.release.xcconfig */,
				8B1F610D295CBA2AC800C2D8 /* Pods-VKPodcasts-VKPodcastsUITests.debug.xcconfig */,
				E4B2DABE4A5B139D2E872909 /* Pods-VKPodcasts-VKPodcastsUITests.release.xcconfig */,
				07313568BC89ABA711DDC5AC /* Pods-VKPodcastsTests.debug.xcconfig */,
				B3833B3F71C1D52A90033304 /* Pods-VKPodcastsTests.release.xcconfig */,
			);
			path = Pods;
			sourceTree = "<group>";
		};
/* End PBXGroup section */

/* Begin PBXNativeTarget section */
		3EA7795F26C4543600B0C05E /* VKPodcasts */ = {
			isa = PBXNativeTarget;
			buildConfigurationList = 3EA7798426C4543900B0C05E /* Build configuration list for PBXNativeTarget "VKPodcasts" */;
			buildPhases = (
				770DAA1D5EACEF037F11CD33 /* [CP] Check Pods Manifest.lock */,
				3EA7795C26C4543600B0C05E /* Sources */,
				3EA7795D26C4543600B0C05E /* Frameworks */,
				3EA7795E26C4543600B0C05E /* Resources */,
				9F7382247A74283F910D8F58 /* [CP] Embed Pods Frameworks */,
			);
			buildRules = (
			);
			dependencies = (
			);
			name = VKPodcasts;
			productName = VKPodcasts;
			productReference = 3EA7796026C4543600B0C05E /* VKPodcasts.app */;
			productType = "com.apple.product-type.application";
		};
		3EA7796F26C4543900B0C05E /* VKPodcastsTests */ = {
			isa = PBXNativeTarget;
			buildConfigurationList = 3EA7798726C4543900B0C05E /* Build configuration list for PBXNativeTarget "VKPodcastsTests" */;
			buildPhases = (
				710888670390B03FB604FC11 /* [CP] Check Pods Manifest.lock */,
				3EA7796C26C4543900B0C05E /* Sources */,
				3EA7796D26C4543900B0C05E /* Frameworks */,
				3EA7796E26C4543900B0C05E /* Resources */,
			);
			buildRules = (
			);
			dependencies = (
				3EA7797226C4543900B0C05E /* PBXTargetDependency */,
			);
			name = VKPodcastsTests;
			productName = VKPodcastsTests;
			productReference = 3EA7797026C4543900B0C05E /* VKPodcastsTests.xctest */;
			productType = "com.apple.product-type.bundle.unit-test";
		};
		3EA7797926C4543900B0C05E /* VKPodcastsUITests */ = {
			isa = PBXNativeTarget;
			buildConfigurationList = 3EA7798A26C4543900B0C05E /* Build configuration list for PBXNativeTarget "VKPodcastsUITests" */;
			buildPhases = (
				7F8D784B824CCFDCA9840C99 /* [CP] Check Pods Manifest.lock */,
				3EA7797626C4543900B0C05E /* Sources */,
				3EA7797726C4543900B0C05E /* Frameworks */,
				3EA7797826C4543900B0C05E /* Resources */,
				F6A65AEE6385CA0BECD5905D /* [CP] Embed Pods Frameworks */,
			);
			buildRules = (
			);
			dependencies = (
				3EA7797C26C4543900B0C05E /* PBXTargetDependency */,
			);
			name = VKPodcastsUITests;
			productName = VKPodcastsUITests;
			productReference = 3EA7797A26C4543900B0C05E /* VKPodcastsUITests.xctest */;
			productType = "com.apple.product-type.bundle.ui-testing";
		};
/* End PBXNativeTarget section */

/* Begin PBXProject section */
		3EA7795826C4543600B0C05E /* Project object */ = {
			isa = PBXProject;
			attributes = {
				BuildIndependentTargetsInParallel = 1;
				LastSwiftUpdateCheck = 1300;
				LastUpgradeCheck = 1300;
				TargetAttributes = {
					3EA7795F26C4543600B0C05E = {
						CreatedOnToolsVersion = 13.0;
					};
					3EA7796F26C4543900B0C05E = {
						CreatedOnToolsVersion = 13.0;
						TestTargetID = 3EA7795F26C4543600B0C05E;
					};
					3EA7797926C4543900B0C05E = {
						CreatedOnToolsVersion = 13.0;
						TestTargetID = 3EA7795F26C4543600B0C05E;
					};
				};
			};
			buildConfigurationList = 3EA7795B26C4543600B0C05E /* Build configuration list for PBXProject "VKPodcasts" */;
			compatibilityVersion = "Xcode 12.0";
			developmentRegion = en;
			hasScannedForEncodings = 0;
			knownRegions = (
				en,
				Base,
				ru,
			);
			mainGroup = 3EA7795726C4543600B0C05E;
			productRefGroup = 3EA7796126C4543600B0C05E /* Products */;
			projectDirPath = "";
			projectRoot = "";
			targets = (
				3EA7795F26C4543600B0C05E /* VKPodcasts */,
				3EA7796F26C4543900B0C05E /* VKPodcastsTests */,
				3EA7797926C4543900B0C05E /* VKPodcastsUITests */,
			);
		};
/* End PBXProject section */

/* Begin PBXResourcesBuildPhase section */
		3EA7795E26C4543600B0C05E /* Resources */ = {
			isa = PBXResourcesBuildPhase;
			buildActionMask = 2147483647;
			files = (
				3EA7796B26C4543900B0C05E /* Preview Assets.xcassets in Resources */,
				3E436C3C26CEF90E002FF2E1 /* Localizable.strings in Resources */,
				3EA7796826C4543900B0C05E /* Assets.xcassets in Resources */,
			);
			runOnlyForDeploymentPostprocessing = 0;
		};
		3EA7796E26C4543900B0C05E /* Resources */ = {
			isa = PBXResourcesBuildPhase;
			buildActionMask = 2147483647;
			files = (
			);
			runOnlyForDeploymentPostprocessing = 0;
		};
		3EA7797826C4543900B0C05E /* Resources */ = {
			isa = PBXResourcesBuildPhase;
			buildActionMask = 2147483647;
			files = (
			);
			runOnlyForDeploymentPostprocessing = 0;
		};
/* End PBXResourcesBuildPhase section */

/* Begin PBXShellScriptBuildPhase section */
		710888670390B03FB604FC11 /* [CP] Check Pods Manifest.lock */ = {
			isa = PBXShellScriptBuildPhase;
			buildActionMask = 2147483647;
			files = (
			);
			inputFileListPaths = (
			);
			inputPaths = (
				"${PODS_PODFILE_DIR_PATH}/Podfile.lock",
				"${PODS_ROOT}/Manifest.lock",
			);
			name = "[CP] Check Pods Manifest.lock";
			outputFileListPaths = (
			);
			outputPaths = (
				"$(DERIVED_FILE_DIR)/Pods-VKPodcastsTests-checkManifestLockResult.txt",
			);
			runOnlyForDeploymentPostprocessing = 0;
			shellPath = /bin/sh;
			shellScript = "diff \"${PODS_PODFILE_DIR_PATH}/Podfile.lock\" \"${PODS_ROOT}/Manifest.lock\" > /dev/null\nif [ $? != 0 ] ; then\n    # print error to STDERR\n    echo \"error: The sandbox is not in sync with the Podfile.lock. Run 'pod install' or update your CocoaPods installation.\" >&2\n    exit 1\nfi\n# This output is used by Xcode 'outputs' to avoid re-running this script phase.\necho \"SUCCESS\" > \"${SCRIPT_OUTPUT_FILE_0}\"\n";
			showEnvVarsInLog = 0;
		};
		770DAA1D5EACEF037F11CD33 /* [CP] Check Pods Manifest.lock */ = {
			isa = PBXShellScriptBuildPhase;
			buildActionMask = 2147483647;
			files = (
			);
			inputFileListPaths = (
			);
			inputPaths = (
				"${PODS_PODFILE_DIR_PATH}/Podfile.lock",
				"${PODS_ROOT}/Manifest.lock",
			);
			name = "[CP] Check Pods Manifest.lock";
			outputFileListPaths = (
			);
			outputPaths = (
				"$(DERIVED_FILE_DIR)/Pods-VKPodcasts-checkManifestLockResult.txt",
			);
			runOnlyForDeploymentPostprocessing = 0;
			shellPath = /bin/sh;
			shellScript = "diff \"${PODS_PODFILE_DIR_PATH}/Podfile.lock\" \"${PODS_ROOT}/Manifest.lock\" > /dev/null\nif [ $? != 0 ] ; then\n    # print error to STDERR\n    echo \"error: The sandbox is not in sync with the Podfile.lock. Run 'pod install' or update your CocoaPods installation.\" >&2\n    exit 1\nfi\n# This output is used by Xcode 'outputs' to avoid re-running this script phase.\necho \"SUCCESS\" > \"${SCRIPT_OUTPUT_FILE_0}\"\n";
			showEnvVarsInLog = 0;
		};
		7F8D784B824CCFDCA9840C99 /* [CP] Check Pods Manifest.lock */ = {
			isa = PBXShellScriptBuildPhase;
			buildActionMask = 2147483647;
			files = (
			);
			inputFileListPaths = (
			);
			inputPaths = (
				"${PODS_PODFILE_DIR_PATH}/Podfile.lock",
				"${PODS_ROOT}/Manifest.lock",
			);
			name = "[CP] Check Pods Manifest.lock";
			outputFileListPaths = (
			);
			outputPaths = (
				"$(DERIVED_FILE_DIR)/Pods-VKPodcasts-VKPodcastsUITests-checkManifestLockResult.txt",
			);
			runOnlyForDeploymentPostprocessing = 0;
			shellPath = /bin/sh;
			shellScript = "diff \"${PODS_PODFILE_DIR_PATH}/Podfile.lock\" \"${PODS_ROOT}/Manifest.lock\" > /dev/null\nif [ $? != 0 ] ; then\n    # print error to STDERR\n    echo \"error: The sandbox is not in sync with the Podfile.lock. Run 'pod install' or update your CocoaPods installation.\" >&2\n    exit 1\nfi\n# This output is used by Xcode 'outputs' to avoid re-running this script phase.\necho \"SUCCESS\" > \"${SCRIPT_OUTPUT_FILE_0}\"\n";
			showEnvVarsInLog = 0;
		};
		9F7382247A74283F910D8F58 /* [CP] Embed Pods Frameworks */ = {
			isa = PBXShellScriptBuildPhase;
			buildActionMask = 2147483647;
			files = (
			);
			inputFileListPaths = (
				"${PODS_ROOT}/Target Support Files/Pods-VKPodcasts/Pods-VKPodcasts-frameworks-${CONFIGURATION}-input-files.xcfilelist",
			);
			name = "[CP] Embed Pods Frameworks";
			outputFileListPaths = (
				"${PODS_ROOT}/Target Support Files/Pods-VKPodcasts/Pods-VKPodcasts-frameworks-${CONFIGURATION}-output-files.xcfilelist",
			);
			runOnlyForDeploymentPostprocessing = 0;
			shellPath = /bin/sh;
			shellScript = "\"${PODS_ROOT}/Target Support Files/Pods-VKPodcasts/Pods-VKPodcasts-frameworks.sh\"\n";
			showEnvVarsInLog = 0;
		};
		F6A65AEE6385CA0BECD5905D /* [CP] Embed Pods Frameworks */ = {
			isa = PBXShellScriptBuildPhase;
			buildActionMask = 2147483647;
			files = (
			);
			inputFileListPaths = (
				"${PODS_ROOT}/Target Support Files/Pods-VKPodcasts-VKPodcastsUITests/Pods-VKPodcasts-VKPodcastsUITests-frameworks-${CONFIGURATION}-input-files.xcfilelist",
			);
			name = "[CP] Embed Pods Frameworks";
			outputFileListPaths = (
				"${PODS_ROOT}/Target Support Files/Pods-VKPodcasts-VKPodcastsUITests/Pods-VKPodcasts-VKPodcastsUITests-frameworks-${CONFIGURATION}-output-files.xcfilelist",
			);
			runOnlyForDeploymentPostprocessing = 0;
			shellPath = /bin/sh;
			shellScript = "\"${PODS_ROOT}/Target Support Files/Pods-VKPodcasts-VKPodcastsUITests/Pods-VKPodcasts-VKPodcastsUITests-frameworks.sh\"\n";
			showEnvVarsInLog = 0;
		};
/* End PBXShellScriptBuildPhase section */

/* Begin PBXSourcesBuildPhase section */
		3EA7795C26C4543600B0C05E /* Sources */ = {
			isa = PBXSourcesBuildPhase;
			buildActionMask = 2147483647;
			files = (
				3E9A7F1626CD162D0086474D /* SettingsView.swift in Sources */,
				3EA7796626C4543700B0C05E /* ContentView.swift in Sources */,
				3E2DE7BE26C5369800313C92 /* ReactionsGraph.swift in Sources */,
				3E65895D26C817D30066F144 /* CustomSlider.swift in Sources */,
				3EA3D97526C83A2800D163E6 /* PieChart.swift in Sources */,
				3EB9368D26CC0E5A009DCCDE /* PodcastInfo.swift in Sources */,
				3EB9368B26CBF9B4009DCCDE /* DocumentPicker.swift in Sources */,
				3E434B8726C67881009D99DD /* PodcastsView.swift in Sources */,
				3EA7796426C4543700B0C05E /* VKPodcastsApp.swift in Sources */,
				3E65896126C8223F0066F144 /* StatView.swift in Sources */,
				3EA7798E26C454EB00B0C05E /* DataModel.swift in Sources */,
				3EA8355026C8626D00EA4662 /* ReactionTypeGraph.swift in Sources */,
				3EB9369126CC4DCF009DCCDE /* ShareSheet.swift in Sources */,
				3E20F0CB26CA7E7000CF8053 /* StatReactionsGraph.swift in Sources */,
				3E434B8926C67C12009D99DD /* PodcastView.swift in Sources */,
				3E71600026CD92A70021D520 /* EmojiGraph.swift in Sources */,
				3EA7799226C45B9E00B0C05E /* ReactionItem.swift in Sources */,
				3EF6844326C57EAB0047CF20 /* RSSParser.swift in Sources */,
				3E8431E726C5A4DB00545232 /* LoginView.swift in Sources */,
				3E65895F26C818040066F144 /* BottomSheet.swift in Sources */,
				3EB9368F26CC24F3009DCCDE /* PodcastsStorage.swift in Sources */,
				3EA7799026C4568A00B0C05E /* PlayerView.swift in Sources */,
			);
			runOnlyForDeploymentPostprocessing = 0;
		};
		3EA7796C26C4543900B0C05E /* Sources */ = {
			isa = PBXSourcesBuildPhase;
			buildActionMask = 2147483647;
			files = (
				3EA7797526C4543900B0C05E /* VKPodcastsTests.swift in Sources */,
			);
			runOnlyForDeploymentPostprocessing = 0;
		};
		3EA7797626C4543900B0C05E /* Sources */ = {
			isa = PBXSourcesBuildPhase;
			buildActionMask = 2147483647;
			files = (
				3EA7798126C4543900B0C05E /* VKPodcastsUITestsLaunchTests.swift in Sources */,
				3EA7797F26C4543900B0C05E /* VKPodcastsUITests.swift in Sources */,
			);
			runOnlyForDeploymentPostprocessing = 0;
		};
/* End PBXSourcesBuildPhase section */

/* Begin PBXTargetDependency section */
		3EA7797226C4543900B0C05E /* PBXTargetDependency */ = {
			isa = PBXTargetDependency;
			target = 3EA7795F26C4543600B0C05E /* VKPodcasts */;
			targetProxy = 3EA7797126C4543900B0C05E /* PBXContainerItemProxy */;
		};
		3EA7797C26C4543900B0C05E /* PBXTargetDependency */ = {
			isa = PBXTargetDependency;
			target = 3EA7795F26C4543600B0C05E /* VKPodcasts */;
			targetProxy = 3EA7797B26C4543900B0C05E /* PBXContainerItemProxy */;
		};
/* End PBXTargetDependency section */

/* Begin PBXVariantGroup section */
		3E436C3E26CEF90E002FF2E1 /* Localizable.strings */ = {
			isa = PBXVariantGroup;
			children = (
				3E436C3D26CEF90E002FF2E1 /* ru */,
				3E436C3F26CEF91B002FF2E1 /* en */,
			);
			name = Localizable.strings;
			sourceTree = "<group>";
		};
/* End PBXVariantGroup section */

/* Begin XCBuildConfiguration section */
		3EA7798226C4543900B0C05E /* Debug */ = {
			isa = XCBuildConfiguration;
			buildSettings = {
				ALWAYS_SEARCH_USER_PATHS = NO;
				CLANG_ANALYZER_NONNULL = YES;
				CLANG_ANALYZER_NUMBER_OBJECT_CONVERSION = YES_AGGRESSIVE;
				CLANG_CXX_LANGUAGE_STANDARD = "gnu++17";
				CLANG_CXX_LIBRARY = "libc++";
				CLANG_ENABLE_MODULES = YES;
				CLANG_ENABLE_OBJC_ARC = YES;
				CLANG_ENABLE_OBJC_WEAK = YES;
				CLANG_WARN_BLOCK_CAPTURE_AUTORELEASING = YES;
				CLANG_WARN_BOOL_CONVERSION = YES;
				CLANG_WARN_COMMA = YES;
				CLANG_WARN_CONSTANT_CONVERSION = YES;
				CLANG_WARN_DEPRECATED_OBJC_IMPLEMENTATIONS = YES;
				CLANG_WARN_DIRECT_OBJC_ISA_USAGE = YES_ERROR;
				CLANG_WARN_DOCUMENTATION_COMMENTS = YES;
				CLANG_WARN_EMPTY_BODY = YES;
				CLANG_WARN_ENUM_CONVERSION = YES;
				CLANG_WARN_INFINITE_RECURSION = YES;
				CLANG_WARN_INT_CONVERSION = YES;
				CLANG_WARN_NON_LITERAL_NULL_CONVERSION = YES;
				CLANG_WARN_OBJC_IMPLICIT_RETAIN_SELF = YES;
				CLANG_WARN_OBJC_LITERAL_CONVERSION = YES;
				CLANG_WARN_OBJC_ROOT_CLASS = YES_ERROR;
				CLANG_WARN_QUOTED_INCLUDE_IN_FRAMEWORK_HEADER = YES;
				CLANG_WARN_RANGE_LOOP_ANALYSIS = YES;
				CLANG_WARN_STRICT_PROTOTYPES = YES;
				CLANG_WARN_SUSPICIOUS_MOVE = YES;
				CLANG_WARN_UNGUARDED_AVAILABILITY = YES_AGGRESSIVE;
				CLANG_WARN_UNREACHABLE_CODE = YES;
				CLANG_WARN__DUPLICATE_METHOD_MATCH = YES;
				COPY_PHASE_STRIP = NO;
				DEBUG_INFORMATION_FORMAT = dwarf;
				ENABLE_STRICT_OBJC_MSGSEND = YES;
				ENABLE_TESTABILITY = YES;
				GCC_C_LANGUAGE_STANDARD = gnu11;
				GCC_DYNAMIC_NO_PIC = NO;
				GCC_NO_COMMON_BLOCKS = YES;
				GCC_OPTIMIZATION_LEVEL = 0;
				GCC_PREPROCESSOR_DEFINITIONS = (
					"DEBUG=1",
					"$(inherited)",
				);
				GCC_WARN_64_TO_32_BIT_CONVERSION = YES;
				GCC_WARN_ABOUT_RETURN_TYPE = YES_ERROR;
				GCC_WARN_UNDECLARED_SELECTOR = YES;
				GCC_WARN_UNINITIALIZED_AUTOS = YES_AGGRESSIVE;
				GCC_WARN_UNUSED_FUNCTION = YES;
				GCC_WARN_UNUSED_VARIABLE = YES;
				IPHONEOS_DEPLOYMENT_TARGET = 15.0;
				MTL_ENABLE_DEBUG_INFO = INCLUDE_SOURCE;
				MTL_FAST_MATH = YES;
				ONLY_ACTIVE_ARCH = YES;
				SDKROOT = iphoneos;
				SWIFT_ACTIVE_COMPILATION_CONDITIONS = DEBUG;
				SWIFT_OPTIMIZATION_LEVEL = "-Onone";
			};
			name = Debug;
		};
		3EA7798326C4543900B0C05E /* Release */ = {
			isa = XCBuildConfiguration;
			buildSettings = {
				ALWAYS_SEARCH_USER_PATHS = NO;
				CLANG_ANALYZER_NONNULL = YES;
				CLANG_ANALYZER_NUMBER_OBJECT_CONVERSION = YES_AGGRESSIVE;
				CLANG_CXX_LANGUAGE_STANDARD = "gnu++17";
				CLANG_CXX_LIBRARY = "libc++";
				CLANG_ENABLE_MODULES = YES;
				CLANG_ENABLE_OBJC_ARC = YES;
				CLANG_ENABLE_OBJC_WEAK = YES;
				CLANG_WARN_BLOCK_CAPTURE_AUTORELEASING = YES;
				CLANG_WARN_BOOL_CONVERSION = YES;
				CLANG_WARN_COMMA = YES;
				CLANG_WARN_CONSTANT_CONVERSION = YES;
				CLANG_WARN_DEPRECATED_OBJC_IMPLEMENTATIONS = YES;
				CLANG_WARN_DIRECT_OBJC_ISA_USAGE = YES_ERROR;
				CLANG_WARN_DOCUMENTATION_COMMENTS = YES;
				CLANG_WARN_EMPTY_BODY = YES;
				CLANG_WARN_ENUM_CONVERSION = YES;
				CLANG_WARN_INFINITE_RECURSION = YES;
				CLANG_WARN_INT_CONVERSION = YES;
				CLANG_WARN_NON_LITERAL_NULL_CONVERSION = YES;
				CLANG_WARN_OBJC_IMPLICIT_RETAIN_SELF = YES;
				CLANG_WARN_OBJC_LITERAL_CONVERSION = YES;
				CLANG_WARN_OBJC_ROOT_CLASS = YES_ERROR;
				CLANG_WARN_QUOTED_INCLUDE_IN_FRAMEWORK_HEADER = YES;
				CLANG_WARN_RANGE_LOOP_ANALYSIS = YES;
				CLANG_WARN_STRICT_PROTOTYPES = YES;
				CLANG_WARN_SUSPICIOUS_MOVE = YES;
				CLANG_WARN_UNGUARDED_AVAILABILITY = YES_AGGRESSIVE;
				CLANG_WARN_UNREACHABLE_CODE = YES;
				CLANG_WARN__DUPLICATE_METHOD_MATCH = YES;
				COPY_PHASE_STRIP = NO;
				DEBUG_INFORMATION_FORMAT = "dwarf-with-dsym";
				ENABLE_NS_ASSERTIONS = NO;
				ENABLE_STRICT_OBJC_MSGSEND = YES;
				GCC_C_LANGUAGE_STANDARD = gnu11;
				GCC_NO_COMMON_BLOCKS = YES;
				GCC_WARN_64_TO_32_BIT_CONVERSION = YES;
				GCC_WARN_ABOUT_RETURN_TYPE = YES_ERROR;
				GCC_WARN_UNDECLARED_SELECTOR = YES;
				GCC_WARN_UNINITIALIZED_AUTOS = YES_AGGRESSIVE;
				GCC_WARN_UNUSED_FUNCTION = YES;
				GCC_WARN_UNUSED_VARIABLE = YES;
				IPHONEOS_DEPLOYMENT_TARGET = 15.0;
				MTL_ENABLE_DEBUG_INFO = NO;
				MTL_FAST_MATH = YES;
				SDKROOT = iphoneos;
				SWIFT_COMPILATION_MODE = wholemodule;
				SWIFT_OPTIMIZATION_LEVEL = "-O";
				VALIDATE_PRODUCT = YES;
			};
			name = Release;
		};
		3EA7798526C4543900B0C05E /* Debug */ = {
			isa = XCBuildConfiguration;
			baseConfigurationReference = 4AC03FC6B9EC9134A0A5BD1F /* Pods-VKPodcasts.debug.xcconfig */;
			buildSettings = {
				ASSETCATALOG_COMPILER_APPICON_NAME = AppIcon;
				ASSETCATALOG_COMPILER_GLOBAL_ACCENT_COLOR_NAME = AccentColor;
				CODE_SIGN_IDENTITY = "Apple Development";
				CODE_SIGN_STYLE = Automatic;
				CURRENT_PROJECT_VERSION = 1;
				DEVELOPMENT_ASSET_PATHS = "\"VKPodcasts/Preview Content\"";
				DEVELOPMENT_TEAM = S4TJY8UCM7;
				ENABLE_PREVIEWS = YES;
				GENERATE_INFOPLIST_FILE = YES;
				INFOPLIST_FILE = VKPodcasts/Info.plist;
				INFOPLIST_KEY_UIApplicationSupportsIndirectInputEvents = YES;
				INFOPLIST_KEY_UILaunchScreen_Generation = YES;
				INFOPLIST_KEY_UISupportedInterfaceOrientations = UIInterfaceOrientationPortrait;
				INFOPLIST_KEY_UISupportedInterfaceOrientations_iPad = UIInterfaceOrientationPortrait;
				INFOPLIST_KEY_UISupportedInterfaceOrientations_iPhone = UIInterfaceOrientationPortrait;
				IPHONEOS_DEPLOYMENT_TARGET = 14.0;
				LD_RUNPATH_SEARCH_PATHS = (
					"$(inherited)",
					"@executable_path/Frameworks",
				);
				MARKETING_VERSION = 1.0;
				PRODUCT_BUNDLE_IDENTIFIER = com.stefjen07.VKPodcasts;
				PRODUCT_NAME = "$(TARGET_NAME)";
				PROVISIONING_PROFILE_SPECIFIER = "";
				SWIFT_EMIT_LOC_STRINGS = YES;
				SWIFT_VERSION = 5.0;
				TARGETED_DEVICE_FAMILY = 1;
			};
			name = Debug;
		};
		3EA7798626C4543900B0C05E /* Release */ = {
			isa = XCBuildConfiguration;
			baseConfigurationReference = DC9574EB25442DDDBDEEC606 /* Pods-VKPodcasts.release.xcconfig */;
			buildSettings = {
				ASSETCATALOG_COMPILER_APPICON_NAME = AppIcon;
				ASSETCATALOG_COMPILER_GLOBAL_ACCENT_COLOR_NAME = AccentColor;
				CODE_SIGN_IDENTITY = "Apple Development";
				CODE_SIGN_STYLE = Automatic;
				CURRENT_PROJECT_VERSION = 1;
				DEVELOPMENT_ASSET_PATHS = "\"VKPodcasts/Preview Content\"";
				DEVELOPMENT_TEAM = S4TJY8UCM7;
				ENABLE_PREVIEWS = YES;
				GENERATE_INFOPLIST_FILE = YES;
				INFOPLIST_FILE = VKPodcasts/Info.plist;
				INFOPLIST_KEY_UIApplicationSupportsIndirectInputEvents = YES;
				INFOPLIST_KEY_UILaunchScreen_Generation = YES;
				INFOPLIST_KEY_UISupportedInterfaceOrientations = UIInterfaceOrientationPortrait;
				INFOPLIST_KEY_UISupportedInterfaceOrientations_iPad = UIInterfaceOrientationPortrait;
				INFOPLIST_KEY_UISupportedInterfaceOrientations_iPhone = UIInterfaceOrientationPortrait;
				IPHONEOS_DEPLOYMENT_TARGET = 14.0;
				LD_RUNPATH_SEARCH_PATHS = (
					"$(inherited)",
					"@executable_path/Frameworks",
				);
				MARKETING_VERSION = 1.0;
				PRODUCT_BUNDLE_IDENTIFIER = com.stefjen07.VKPodcasts;
				PRODUCT_NAME = "$(TARGET_NAME)";
				PROVISIONING_PROFILE_SPECIFIER = "";
				SWIFT_EMIT_LOC_STRINGS = YES;
				SWIFT_VERSION = 5.0;
				TARGETED_DEVICE_FAMILY = 1;
			};
			name = Release;
		};
		3EA7798826C4543900B0C05E /* Debug */ = {
			isa = XCBuildConfiguration;
			baseConfigurationReference = 07313568BC89ABA711DDC5AC /* Pods-VKPodcastsTests.debug.xcconfig */;
			buildSettings = {
				ALWAYS_EMBED_SWIFT_STANDARD_LIBRARIES = YES;
				BUNDLE_LOADER = "$(TEST_HOST)";
				CODE_SIGN_STYLE = Automatic;
				CURRENT_PROJECT_VERSION = 1;
				DEVELOPMENT_TEAM = S4TJY8UCM7;
				GENERATE_INFOPLIST_FILE = YES;
				IPHONEOS_DEPLOYMENT_TARGET = 14.0;
				LD_RUNPATH_SEARCH_PATHS = (
					"$(inherited)",
					"@executable_path/Frameworks",
					"@loader_path/Frameworks",
				);
				MARKETING_VERSION = 1.0;
				PRODUCT_BUNDLE_IDENTIFIER = com.Netech.VKPodcastsTests;
				PRODUCT_NAME = "$(TARGET_NAME)";
				SWIFT_EMIT_LOC_STRINGS = NO;
				SWIFT_VERSION = 5.0;
				TARGETED_DEVICE_FAMILY = "1,2";
				TEST_HOST = "$(BUILT_PRODUCTS_DIR)/VKPodcasts.app/VKPodcasts";
			};
			name = Debug;
		};
		3EA7798926C4543900B0C05E /* Release */ = {
			isa = XCBuildConfiguration;
			baseConfigurationReference = B3833B3F71C1D52A90033304 /* Pods-VKPodcastsTests.release.xcconfig */;
			buildSettings = {
				ALWAYS_EMBED_SWIFT_STANDARD_LIBRARIES = YES;
				BUNDLE_LOADER = "$(TEST_HOST)";
				CODE_SIGN_STYLE = Automatic;
				CURRENT_PROJECT_VERSION = 1;
				DEVELOPMENT_TEAM = S4TJY8UCM7;
				GENERATE_INFOPLIST_FILE = YES;
				IPHONEOS_DEPLOYMENT_TARGET = 14.0;
				LD_RUNPATH_SEARCH_PATHS = (
					"$(inherited)",
					"@executable_path/Frameworks",
					"@loader_path/Frameworks",
				);
				MARKETING_VERSION = 1.0;
				PRODUCT_BUNDLE_IDENTIFIER = com.Netech.VKPodcastsTests;
				PRODUCT_NAME = "$(TARGET_NAME)";
				SWIFT_EMIT_LOC_STRINGS = NO;
				SWIFT_VERSION = 5.0;
				TARGETED_DEVICE_FAMILY = "1,2";
				TEST_HOST = "$(BUILT_PRODUCTS_DIR)/VKPodcasts.app/VKPodcasts";
			};
			name = Release;
		};
		3EA7798B26C4543900B0C05E /* Debug */ = {
			isa = XCBuildConfiguration;
			baseConfigurationReference = 8B1F610D295CBA2AC800C2D8 /* Pods-VKPodcasts-VKPodcastsUITests.debug.xcconfig */;
			buildSettings = {
				ALWAYS_EMBED_SWIFT_STANDARD_LIBRARIES = YES;
				CODE_SIGN_STYLE = Automatic;
				CURRENT_PROJECT_VERSION = 1;
				DEVELOPMENT_TEAM = S4TJY8UCM7;
				GENERATE_INFOPLIST_FILE = YES;
				LD_RUNPATH_SEARCH_PATHS = (
					"$(inherited)",
					"@executable_path/Frameworks",
					"@loader_path/Frameworks",
				);
				MARKETING_VERSION = 1.0;
				PRODUCT_BUNDLE_IDENTIFIER = com.Netech.VKPodcastsUITests;
				PRODUCT_NAME = "$(TARGET_NAME)";
				SWIFT_EMIT_LOC_STRINGS = NO;
				SWIFT_VERSION = 5.0;
				TARGETED_DEVICE_FAMILY = "1,2";
				TEST_TARGET_NAME = VKPodcasts;
			};
			name = Debug;
		};
		3EA7798C26C4543900B0C05E /* Release */ = {
			isa = XCBuildConfiguration;
			baseConfigurationReference = E4B2DABE4A5B139D2E872909 /* Pods-VKPodcasts-VKPodcastsUITests.release.xcconfig */;
			buildSettings = {
				ALWAYS_EMBED_SWIFT_STANDARD_LIBRARIES = YES;
				CODE_SIGN_STYLE = Automatic;
				CURRENT_PROJECT_VERSION = 1;
				DEVELOPMENT_TEAM = S4TJY8UCM7;
				GENERATE_INFOPLIST_FILE = YES;
				LD_RUNPATH_SEARCH_PATHS = (
					"$(inherited)",
					"@executable_path/Frameworks",
					"@loader_path/Frameworks",
				);
				MARKETING_VERSION = 1.0;
				PRODUCT_BUNDLE_IDENTIFIER = com.Netech.VKPodcastsUITests;
				PRODUCT_NAME = "$(TARGET_NAME)";
				SWIFT_EMIT_LOC_STRINGS = NO;
				SWIFT_VERSION = 5.0;
				TARGETED_DEVICE_FAMILY = "1,2";
				TEST_TARGET_NAME = VKPodcasts;
			};
			name = Release;
		};
/* End XCBuildConfiguration section */

/* Begin XCConfigurationList section */
		3EA7795B26C4543600B0C05E /* Build configuration list for PBXProject "VKPodcasts" */ = {
			isa = XCConfigurationList;
			buildConfigurations = (
				3EA7798226C4543900B0C05E /* Debug */,
				3EA7798326C4543900B0C05E /* Release */,
			);
			defaultConfigurationIsVisible = 0;
			defaultConfigurationName = Release;
		};
		3EA7798426C4543900B0C05E /* Build configuration list for PBXNativeTarget "VKPodcasts" */ = {
			isa = XCConfigurationList;
			buildConfigurations = (
				3EA7798526C4543900B0C05E /* Debug */,
				3EA7798626C4543900B0C05E /* Release */,
			);
			defaultConfigurationIsVisible = 0;
			defaultConfigurationName = Release;
		};
		3EA7798726C4543900B0C05E /* Build configuration list for PBXNativeTarget "VKPodcastsTests" */ = {
			isa = XCConfigurationList;
			buildConfigurations = (
				3EA7798826C4543900B0C05E /* Debug */,
				3EA7798926C4543900B0C05E /* Release */,
			);
			defaultConfigurationIsVisible = 0;
			defaultConfigurationName = Release;
		};
		3EA7798A26C4543900B0C05E /* Build configuration list for PBXNativeTarget "VKPodcastsUITests" */ = {
			isa = XCConfigurationList;
			buildConfigurations = (
				3EA7798B26C4543900B0C05E /* Debug */,
				3EA7798C26C4543900B0C05E /* Release */,
			);
			defaultConfigurationIsVisible = 0;
			defaultConfigurationName = Release;
		};
/* End XCConfigurationList section */
	};
	rootObject = 3EA7795826C4543600B0C05E /* Project object */;
}
